
Microsoft Visual Studio Solution File, Format Version 12.00
# Visual Studio Version 17
VisualStudioVersion = 17.2.32526.322
MinimumVisualStudioVersion = 10.0.40219.1
Project("{FAE04EC0-301F-11D3-BF4B-00C04F79EFBC}") = "WagesApp", "WagesApp\WagesApp.csproj", "{6CDB16CC-6181-4D1F-BE6B-156C9CD146BC}"
EndProject
Global
	GlobalSection(SolutionConfigurationPlatforms) = preSolution
		Debug|Any CPU = Debug|Any CPU
		Release|Any CPU = Release|Any CPU
	EndGlobalSection
	GlobalSection(ProjectConfigurationPlatforms) = postSolution
		{6CDB16CC-6181-4D1F-BE6B-156C9CD146BC}.Debug|Any CPU.ActiveCfg = Debug|Any CPU
		{6CDB16CC-6181-4D1F-BE6B-156C9CD146BC}.Debug|Any CPU.Build.0 = Debug|Any CPU
		{6CDB16CC-6181-4D1F-BE6B-156C9CD146BC}.Release|Any CPU.ActiveCfg = Release|Any CPU
		{6CDB16CC-6181-4D1F-BE6B-156C9CD146BC}.Release|Any CPU.Build.0 = Release|Any CPU
	EndGlobalSection
	GlobalSection(SolutionProperties) = preSolution
		HideSolutionNode = FALSE
	EndGlobalSection
	GlobalSection(ExtensibilityGlobals) = postSolution
		SolutionGuid = {D816A9A2-A34A-4C5B-9FEB-0098AE5EDD57}
	EndGlobalSection
EndGlobal
